
Microsoft Visual Studio Solution File, Format Version 12.00
# Visual Studio Version 16
VisualStudioVersion = 16.0.809.4
MinimumVisualStudioVersion = 10.0.40219.1
Project("{FAE04EC0-301F-11D3-BF4B-00C04F79EFBC}") = "NetWorkDemo", "NetWorkDemo.csproj", "{F67A399F-442A-48F0-A6E3-B208D3E0284A}"
EndProject
Global
	GlobalSection(SolutionConfigurationPlatforms) = preSolution
		Debug|Any CPU = Debug|Any CPU
		Release|Any CPU = Release|Any CPU
	EndGlobalSection
	GlobalSection(ProjectConfigurationPlatforms) = postSolution
		{F67A399F-442A-48F0-A6E3-B208D3E0284A}.Debug|Any CPU.ActiveCfg = Debug|Any CPU
		{F67A399F-442A-48F0-A6E3-B208D3E0284A}.Debug|Any CPU.Build.0 = Debug|Any CPU
		{F67A399F-442A-48F0-A6E3-B208D3E0284A}.Release|Any CPU.ActiveCfg = Release|Any CPU
		{F67A399F-442A-48F0-A6E3-B208D3E0284A}.Release|Any CPU.Build.0 = Release|Any CPU
	EndGlobalSection
	GlobalSection(SolutionProperties) = preSolution
		HideSolutionNode = FALSE
	EndGlobalSection
	GlobalSection(ExtensibilityGlobals) = postSolution
		SolutionGuid = {1E1BBF8C-0BE7-42AE-8DB7-7C617EEFCA0D}
	EndGlobalSection
EndGlobal
